
Microsoft Visual Studio Solution File, Format Version 12.00
# Visual Studio Version 16
VisualStudioVersion = 16.0.30711.63
MinimumVisualStudioVersion = 10.0.40219.1
Project("{9A19103F-16F7-4668-BE54-9A1E7A4F7556}") = "TimeDateServer", "TimeDateServer\TimeDateServer.csproj", "{61A67CE2-CEFF-4C74-B3DA-54EEF064A5EA}"
EndProject
Project("{FAE04EC0-301F-11D3-BF4B-00C04F79EFBC}") = "TimeDateClient", "TimeDateClient\TimeDateClient.csproj", "{48B9198B-857C-482E-B699-0832930EB5D6}"
EndProject
Global
	GlobalSection(SolutionConfigurationPlatforms) = preSolution
		Debug|Any CPU = Debug|Any CPU
		Release|Any CPU = Release|Any CPU
	EndGlobalSection
	GlobalSection(ProjectConfigurationPlatforms) = postSolution
		{61A67CE2-CEFF-4C74-B3DA-54EEF064A5EA}.Debug|Any CPU.ActiveCfg = Debug|Any CPU
		{61A67CE2-CEFF-4C74-B3DA-54EEF064A5EA}.Debug|Any CPU.Build.0 = Debug|Any CPU
		{61A67CE2-CEFF-4C74-B3DA-54EEF064A5EA}.Release|Any CPU.ActiveCfg = Release|Any CPU
		{61A67CE2-CEFF-4C74-B3DA-54EEF064A5EA}.Release|Any CPU.Build.0 = Release|Any CPU
		{48B9198B-857C-482E-B699-0832930EB5D6}.Debug|Any CPU.ActiveCfg = Debug|Any CPU
		{48B9198B-857C-482E-B699-0832930EB5D6}.Debug|Any CPU.Build.0 = Debug|Any CPU
		{48B9198B-857C-482E-B699-0832930EB5D6}.Release|Any CPU.ActiveCfg = Release|Any CPU
		{48B9198B-857C-482E-B699-0832930EB5D6}.Release|Any CPU.Build.0 = Release|Any CPU
	EndGlobalSection
	GlobalSection(SolutionProperties) = preSolution
		HideSolutionNode = FALSE
	EndGlobalSection
	GlobalSection(ExtensibilityGlobals) = postSolution
		SolutionGuid = {E44F23BD-7890-4C04-BCB1-2277C44875E1}
	EndGlobalSection
EndGlobal
